{
  "object": {
    "pins": [
      {
        "package": "ASCollectionView",
        "repositoryURL": "https://github.com/apptekstudios/ASCollectionView",
        "state": {
          "branch": null,
          "revision": "c730c2e63276cd42e15953a85a79ecda1d1b03e2",
          "version": "1.2.2"
        }
      }
    ]
  },
  "version": 1
}
